
Microsoft Visual Studio Solution File, Format Version 12.00
# Visual Studio 15
VisualStudioVersion = 15.0.28307.902
MinimumVisualStudioVersion = 10.0.40219.1
Project("{FAE04EC0-301F-11D3-BF4B-00C04F79EFBC}") = "IF_Else_1", "IF_Else_1\IF_Else_1.csproj", "{DEC997A0-C949-4AC3-8D0A-FD95336DAF41}"
EndProject
Global
	GlobalSection(SolutionConfigurationPlatforms) = preSolution
		Debug|Any CPU = Debug|Any CPU
		Release|Any CPU = Release|Any CPU
	EndGlobalSection
	GlobalSection(ProjectConfigurationPlatforms) = postSolution
		{DEC997A0-C949-4AC3-8D0A-FD95336DAF41}.Debug|Any CPU.ActiveCfg = Debug|Any CPU
		{DEC997A0-C949-4AC3-8D0A-FD95336DAF41}.Debug|Any CPU.Build.0 = Debug|Any CPU
		{DEC997A0-C949-4AC3-8D0A-FD95336DAF41}.Release|Any CPU.ActiveCfg = Release|Any CPU
		{DEC997A0-C949-4AC3-8D0A-FD95336DAF41}.Release|Any CPU.Build.0 = Release|Any CPU
	EndGlobalSection
	GlobalSection(SolutionProperties) = preSolution
		HideSolutionNode = FALSE
	EndGlobalSection
	GlobalSection(ExtensibilityGlobals) = postSolution
		SolutionGuid = {0040C753-F656-49A7-93FF-72EA008E123F}
	EndGlobalSection
EndGlobal
