
Microsoft Visual Studio Solution File, Format Version 12.00
# Visual Studio Version 16
VisualStudioVersion = 16.0.29411.108
MinimumVisualStudioVersion = 10.0.40219.1
Project("{FAE04EC0-301F-11D3-BF4B-00C04F79EFBC}") = "Array_1", "Array_1\Array_1.csproj", "{B34927D9-3C96-4100-9164-B84C2463650D}"
EndProject
Global
	GlobalSection(SolutionConfigurationPlatforms) = preSolution
		Debug|Any CPU = Debug|Any CPU
		Release|Any CPU = Release|Any CPU
	EndGlobalSection
	GlobalSection(ProjectConfigurationPlatforms) = postSolution
		{B34927D9-3C96-4100-9164-B84C2463650D}.Debug|Any CPU.ActiveCfg = Debug|Any CPU
		{B34927D9-3C96-4100-9164-B84C2463650D}.Debug|Any CPU.Build.0 = Debug|Any CPU
		{B34927D9-3C96-4100-9164-B84C2463650D}.Release|Any CPU.ActiveCfg = Release|Any CPU
		{B34927D9-3C96-4100-9164-B84C2463650D}.Release|Any CPU.Build.0 = Release|Any CPU
	EndGlobalSection
	GlobalSection(SolutionProperties) = preSolution
		HideSolutionNode = FALSE
	EndGlobalSection
	GlobalSection(ExtensibilityGlobals) = postSolution
		SolutionGuid = {B77CEFCC-1FF1-49A3-9834-73705CFB00FD}
	EndGlobalSection
EndGlobal
